
Microsoft Visual Studio Solution File, Format Version 12.00
# Visual Studio Version 16
VisualStudioVersion = 16.0.31112.23
MinimumVisualStudioVersion = 10.0.40219.1
Project("{2150E333-8FDC-42A3-9474-1A3956D46DE8}") = "Services", "Services", "{5E599199-5EAA-47FD-A51A-618844ECD7A9}"
EndProject
Project("{2150E333-8FDC-42A3-9474-1A3956D46DE8}") = "Catalog", "Catalog", "{D3F9E7F2-223E-484B-9125-750CD43FC1EA}"
EndProject
Project("{9A19103F-16F7-4668-BE54-9A1E7A4F7556}") = "CatalogAPI", "Services\Catalog\CatalogAPI\CatalogAPI.csproj", "{DC5AA16E-5119-4A1A-8E24-23A6426E0AE4}"
EndProject
Project("{E53339B2-1760-4266-BCC7-CA923CBCF16C}") = "docker-compose", "docker-compose.dcproj", "{BC73A343-FB66-460E-BAA1-8C12CE4DE05D}"
EndProject
Project("{2150E333-8FDC-42A3-9474-1A3956D46DE8}") = "Basket", "Basket", "{7C6B42A4-AD05-4993-B280-801F2935DA1E}"
EndProject
Project("{9A19103F-16F7-4668-BE54-9A1E7A4F7556}") = "Basket.API", "Services\Basket\Basket.API\Basket.API.csproj", "{ED219AB9-10A7-42DB-BB14-8F93569E8A38}"
EndProject
Project("{2150E333-8FDC-42A3-9474-1A3956D46DE8}") = "Discount", "Discount", "{B3CA885B-4F12-4B7D-8A6D-4E0448D103EF}"
EndProject
Project("{9A19103F-16F7-4668-BE54-9A1E7A4F7556}") = "Discount.API", "Services\Discount\Discount.API\Discount.API.csproj", "{C7E2BF23-2B22-4155-83C8-BA8C80DA8F3A}"
EndProject
Project("{9A19103F-16F7-4668-BE54-9A1E7A4F7556}") = "Discount.Grpc", "Services\Discount\Discount.Grpc\Discount.Grpc.csproj", "{39BCB0D8-956A-4192-BCB3-AA8321E08B8F}"
EndProject
Project("{2150E333-8FDC-42A3-9474-1A3956D46DE8}") = "Ordering", "Ordering", "{0C254860-DC78-40CD-8077-7F73917200A9}"
EndProject
Project("{FAE04EC0-301F-11D3-BF4B-00C04F79EFBC}") = "Ordering.API", "Services\Ordering\Ordering.API\Ordering.API.csproj", "{CEA87A17-F61A-443E-A088-966BD45E458D}"
EndProject
Project("{FAE04EC0-301F-11D3-BF4B-00C04F79EFBC}") = "Ordering.Domain", "Services\Ordering\Ordering.Domain\Ordering.Domain.csproj", "{08DB1830-327E-4309-AB8C-5EB4A9E7868C}"
EndProject
Project("{FAE04EC0-301F-11D3-BF4B-00C04F79EFBC}") = "Ordering.Application", "Services\Ordering\Ordering.Application\Ordering.Application.csproj", "{E24554B6-C417-4393-8503-B6E8A8907F79}"
EndProject
Project("{FAE04EC0-301F-11D3-BF4B-00C04F79EFBC}") = "Ordering.Infrastructure", "Services\Ordering\Ordering.Infrastructure\Ordering.Infrastructure.csproj", "{E9663F79-D1F9-4F90-BF90-A35DD5AFBC21}"
EndProject
Global
	GlobalSection(SolutionConfigurationPlatforms) = preSolution
		Debug|Any CPU = Debug|Any CPU
		Release|Any CPU = Release|Any CPU
	EndGlobalSection
	GlobalSection(ProjectConfigurationPlatforms) = postSolution
		{DC5AA16E-5119-4A1A-8E24-23A6426E0AE4}.Debug|Any CPU.ActiveCfg = Debug|Any CPU
		{DC5AA16E-5119-4A1A-8E24-23A6426E0AE4}.Debug|Any CPU.Build.0 = Debug|Any CPU
		{DC5AA16E-5119-4A1A-8E24-23A6426E0AE4}.Release|Any CPU.ActiveCfg = Release|Any CPU
		{DC5AA16E-5119-4A1A-8E24-23A6426E0AE4}.Release|Any CPU.Build.0 = Release|Any CPU
		{BC73A343-FB66-460E-BAA1-8C12CE4DE05D}.Debug|Any CPU.ActiveCfg = Debug|Any CPU
		{BC73A343-FB66-460E-BAA1-8C12CE4DE05D}.Debug|Any CPU.Build.0 = Debug|Any CPU
		{BC73A343-FB66-460E-BAA1-8C12CE4DE05D}.Release|Any CPU.ActiveCfg = Release|Any CPU
		{BC73A343-FB66-460E-BAA1-8C12CE4DE05D}.Release|Any CPU.Build.0 = Release|Any CPU
		{ED219AB9-10A7-42DB-BB14-8F93569E8A38}.Debug|Any CPU.ActiveCfg = Debug|Any CPU
		{ED219AB9-10A7-42DB-BB14-8F93569E8A38}.Debug|Any CPU.Build.0 = Debug|Any CPU
		{ED219AB9-10A7-42DB-BB14-8F93569E8A38}.Release|Any CPU.ActiveCfg = Release|Any CPU
		{ED219AB9-10A7-42DB-BB14-8F93569E8A38}.Release|Any CPU.Build.0 = Release|Any CPU
		{C7E2BF23-2B22-4155-83C8-BA8C80DA8F3A}.Debug|Any CPU.ActiveCfg = Debug|Any CPU
		{C7E2BF23-2B22-4155-83C8-BA8C80DA8F3A}.Debug|Any CPU.Build.0 = Debug|Any CPU
		{C7E2BF23-2B22-4155-83C8-BA8C80DA8F3A}.Release|Any CPU.ActiveCfg = Release|Any CPU
		{C7E2BF23-2B22-4155-83C8-BA8C80DA8F3A}.Release|Any CPU.Build.0 = Release|Any CPU
		{39BCB0D8-956A-4192-BCB3-AA8321E08B8F}.Debug|Any CPU.ActiveCfg = Debug|Any CPU
		{39BCB0D8-956A-4192-BCB3-AA8321E08B8F}.Debug|Any CPU.Build.0 = Debug|Any CPU
		{39BCB0D8-956A-4192-BCB3-AA8321E08B8F}.Release|Any CPU.ActiveCfg = Release|Any CPU
		{39BCB0D8-956A-4192-BCB3-AA8321E08B8F}.Release|Any CPU.Build.0 = Release|Any CPU
		{CEA87A17-F61A-443E-A088-966BD45E458D}.Debug|Any CPU.ActiveCfg = Debug|Any CPU
		{CEA87A17-F61A-443E-A088-966BD45E458D}.Debug|Any CPU.Build.0 = Debug|Any CPU
		{CEA87A17-F61A-443E-A088-966BD45E458D}.Release|Any CPU.ActiveCfg = Release|Any CPU
		{CEA87A17-F61A-443E-A088-966BD45E458D}.Release|Any CPU.Build.0 = Release|Any CPU
		{08DB1830-327E-4309-AB8C-5EB4A9E7868C}.Debug|Any CPU.ActiveCfg = Debug|Any CPU
		{08DB1830-327E-4309-AB8C-5EB4A9E7868C}.Debug|Any CPU.Build.0 = Debug|Any CPU
		{08DB1830-327E-4309-AB8C-5EB4A9E7868C}.Release|Any CPU.ActiveCfg = Release|Any CPU
		{08DB1830-327E-4309-AB8C-5EB4A9E7868C}.Release|Any CPU.Build.0 = Release|Any CPU
		{E24554B6-C417-4393-8503-B6E8A8907F79}.Debug|Any CPU.ActiveCfg = Debug|Any CPU
		{E24554B6-C417-4393-8503-B6E8A8907F79}.Debug|Any CPU.Build.0 = Debug|Any CPU
		{E24554B6-C417-4393-8503-B6E8A8907F79}.Release|Any CPU.ActiveCfg = Release|Any CPU
		{E24554B6-C417-4393-8503-B6E8A8907F79}.Release|Any CPU.Build.0 = Release|Any CPU
		{E9663F79-D1F9-4F90-BF90-A35DD5AFBC21}.Debug|Any CPU.ActiveCfg = Debug|Any CPU
		{E9663F79-D1F9-4F90-BF90-A35DD5AFBC21}.Debug|Any CPU.Build.0 = Debug|Any CPU
		{E9663F79-D1F9-4F90-BF90-A35DD5AFBC21}.Release|Any CPU.ActiveCfg = Release|Any CPU
		{E9663F79-D1F9-4F90-BF90-A35DD5AFBC21}.Release|Any CPU.Build.0 = Release|Any CPU
	EndGlobalSection
	GlobalSection(SolutionProperties) = preSolution
		HideSolutionNode = FALSE
	EndGlobalSection
	GlobalSection(NestedProjects) = preSolution
		{D3F9E7F2-223E-484B-9125-750CD43FC1EA} = {5E599199-5EAA-47FD-A51A-618844ECD7A9}
		{DC5AA16E-5119-4A1A-8E24-23A6426E0AE4} = {D3F9E7F2-223E-484B-9125-750CD43FC1EA}
		{7C6B42A4-AD05-4993-B280-801F2935DA1E} = {5E599199-5EAA-47FD-A51A-618844ECD7A9}
		{ED219AB9-10A7-42DB-BB14-8F93569E8A38} = {7C6B42A4-AD05-4993-B280-801F2935DA1E}
		{B3CA885B-4F12-4B7D-8A6D-4E0448D103EF} = {5E599199-5EAA-47FD-A51A-618844ECD7A9}
		{C7E2BF23-2B22-4155-83C8-BA8C80DA8F3A} = {B3CA885B-4F12-4B7D-8A6D-4E0448D103EF}
		{39BCB0D8-956A-4192-BCB3-AA8321E08B8F} = {B3CA885B-4F12-4B7D-8A6D-4E0448D103EF}
		{0C254860-DC78-40CD-8077-7F73917200A9} = {5E599199-5EAA-47FD-A51A-618844ECD7A9}
		{CEA87A17-F61A-443E-A088-966BD45E458D} = {0C254860-DC78-40CD-8077-7F73917200A9}
		{08DB1830-327E-4309-AB8C-5EB4A9E7868C} = {0C254860-DC78-40CD-8077-7F73917200A9}
		{E24554B6-C417-4393-8503-B6E8A8907F79} = {0C254860-DC78-40CD-8077-7F73917200A9}
		{E9663F79-D1F9-4F90-BF90-A35DD5AFBC21} = {0C254860-DC78-40CD-8077-7F73917200A9}
	EndGlobalSection
	GlobalSection(ExtensibilityGlobals) = postSolution
		SolutionGuid = {166B668F-45D5-424C-828C-FAFD3986C7F0}
	EndGlobalSection
EndGlobal
